// !$*UTF8*$!
{
	archiveVersion = 1;
	classes = {
	};
	objectVersion = 46;
	objects = {

/* Begin PBXBuildFile section */
		7709F4171B667B0700E49309 /* ParseUI.framework in Frameworks */ = {isa = PBXBuildFile; fileRef = 7709F4161B667B0600E49309 /* ParseUI.framework */; };
		7709F41F1B667D4A00E49309 /* Accounts.framework in Frameworks */ = {isa = PBXBuildFile; fileRef = 7709F41E1B667D4A00E49309 /* Accounts.framework */; };
		7709F4211B667D6100E49309 /* Social.framework in Frameworks */ = {isa = PBXBuildFile; fileRef = 7709F4201B667D6100E49309 /* Social.framework */; };
		77400C861B5FF4F500C11782 /* Parse.framework in Frameworks */ = {isa = PBXBuildFile; fileRef = 77400C841B5FF4F500C11782 /* Parse.framework */; };
		77400C871B5FF4F500C11782 /* Parse.framework in Frameworks */ = {isa = PBXBuildFile; fileRef = 77400C841B5FF4F500C11782 /* Parse.framework */; };
		77400C881B5FF4F500C11782 /* Bolts.framework in Frameworks */ = {isa = PBXBuildFile; fileRef = 77400C851B5FF4F500C11782 /* Bolts.framework */; };
		77400C891B5FF4F500C11782 /* Bolts.framework in Frameworks */ = {isa = PBXBuildFile; fileRef = 77400C851B5FF4F500C11782 /* Bolts.framework */; };
		77400C941B5FF59D00C11782 /* AudioToolbox.framework in Frameworks */ = {isa = PBXBuildFile; fileRef = 77400C8A1B5FF59D00C11782 /* AudioToolbox.framework */; };
		77400C951B5FF59D00C11782 /* CFNetwork.framework in Frameworks */ = {isa = PBXBuildFile; fileRef = 77400C8B1B5FF59D00C11782 /* CFNetwork.framework */; };
		77400C961B5FF59D00C11782 /* CoreGraphics.framework in Frameworks */ = {isa = PBXBuildFile; fileRef = 77400C8C1B5FF59D00C11782 /* CoreGraphics.framework */; };
		77400C971B5FF59D00C11782 /* CoreLocation.framework in Frameworks */ = {isa = PBXBuildFile; fileRef = 77400C8D1B5FF59D00C11782 /* CoreLocation.framework */; };
		77400C981B5FF59D00C11782 /* libsqlite3.dylib in Frameworks */ = {isa = PBXBuildFile; fileRef = 77400C8E1B5FF59D00C11782 /* libsqlite3.dylib */; };
		77400C991B5FF59D00C11782 /* libz.dylib in Frameworks */ = {isa = PBXBuildFile; fileRef = 77400C8F1B5FF59D00C11782 /* libz.dylib */; };
		77400C9A1B5FF59D00C11782 /* QuartzCore.framework in Frameworks */ = {isa = PBXBuildFile; fileRef = 77400C901B5FF59D00C11782 /* QuartzCore.framework */; };
		77400C9B1B5FF59D00C11782 /* Security.framework in Frameworks */ = {isa = PBXBuildFile; fileRef = 77400C911B5FF59D00C11782 /* Security.framework */; };
		77400C9C1B5FF59D00C11782 /* StoreKit.framework in Frameworks */ = {isa = PBXBuildFile; fileRef = 77400C921B5FF59D00C11782 /* StoreKit.framework */; };
		77400C9D1B5FF59D00C11782 /* SystemConfiguration.framework in Frameworks */ = {isa = PBXBuildFile; fileRef = 77400C931B5FF59D00C11782 /* SystemConfiguration.framework */; };
		77BA0FB01B473F590074BE74 /* LandMarkModel.xcdatamodeld in Sources */ = {isa = PBXBuildFile; fileRef = 77BA0FAE1B473F590074BE74 /* LandMarkModel.xcdatamodeld */; };
		77BA0FB31B475DF90074BE74 /* LMManagedDocument.m in Sources */ = {isa = PBXBuildFile; fileRef = 77BA0FB21B475DF90074BE74 /* LMManagedDocument.m */; };
		77BA0FB61B4BB40F0074BE74 /* Landmark.m in Sources */ = {isa = PBXBuildFile; fileRef = 77BA0FB51B4BB40F0074BE74 /* Landmark.m */; };
		77BA0FBE1B4CAC900074BE74 /* LM_TypeSelect_CollectionViewController.m in Sources */ = {isa = PBXBuildFile; fileRef = 77BA0FBD1B4CAC900074BE74 /* LM_TypeSelect_CollectionViewController.m */; };
		77BA0FBF1B4CAC900074BE74 /* LM_TypeSelect_CollectionViewController.m in Sources */ = {isa = PBXBuildFile; fileRef = 77BA0FBD1B4CAC900074BE74 /* LM_TypeSelect_CollectionViewController.m */; };
		77C6123C1AEEE0B7003E6D79 /* main.m in Sources */ = {isa = PBXBuildFile; fileRef = 77C6123B1AEEE0B7003E6D79 /* main.m */; };
		77C6123F1AEEE0B7003E6D79 /* AppDelegate.m in Sources */ = {isa = PBXBuildFile; fileRef = 77C6123E1AEEE0B7003E6D79 /* AppDelegate.m */; };
		77C612421AEEE0B7003E6D79 /* LandMarker.xcdatamodeld in Sources */ = {isa = PBXBuildFile; fileRef = 77C612401AEEE0B7003E6D79 /* LandMarker.xcdatamodeld */; };
		77C612451AEEE0B7003E6D79 /* ViewController.m in Sources */ = {isa = PBXBuildFile; fileRef = 77C612441AEEE0B7003E6D79 /* ViewController.m */; };
		77C612481AEEE0B7003E6D79 /* Main.storyboard in Resources */ = {isa = PBXBuildFile; fileRef = 77C612461AEEE0B7003E6D79 /* Main.storyboard */; };
		77C6124A1AEEE0B7003E6D79 /* Images.xcassets in Resources */ = {isa = PBXBuildFile; fileRef = 77C612491AEEE0B7003E6D79 /* Images.xcassets */; };
		77C6124D1AEEE0B7003E6D79 /* LaunchScreen.xib in Resources */ = {isa = PBXBuildFile; fileRef = 77C6124B1AEEE0B7003E6D79 /* LaunchScreen.xib */; };
		77C612591AEEE0B7003E6D79 /* LandMarkerTests.m in Sources */ = {isa = PBXBuildFile; fileRef = 77C612581AEEE0B7003E6D79 /* LandMarkerTests.m */; };
		77C612641AEEE98B003E6D79 /* LandmarksTableViewController.m in Sources */ = {isa = PBXBuildFile; fileRef = 77C612631AEEE98B003E6D79 /* LandmarksTableViewController.m */; };
		77C612651AEEE98B003E6D79 /* LandmarksTableViewController.m in Sources */ = {isa = PBXBuildFile; fileRef = 77C612631AEEE98B003E6D79 /* LandmarksTableViewController.m */; };
		77C612681AEFAD1F003E6D79 /* LandmarkViewController.m in Sources */ = {isa = PBXBuildFile; fileRef = 77C612671AEFAD1F003E6D79 /* LandmarkViewController.m */; };
		77C612691AEFAD1F003E6D79 /* LandmarkViewController.m in Sources */ = {isa = PBXBuildFile; fileRef = 77C612671AEFAD1F003E6D79 /* LandmarkViewController.m */; };
/* End PBXBuildFile section */

/* Begin PBXContainerItemProxy section */
		77C612531AEEE0B7003E6D79 /* PBXContainerItemProxy */ = {
			isa = PBXContainerItemProxy;
			containerPortal = 77C6122E1AEEE0B7003E6D79 /* Project object */;
			proxyType = 1;
			remoteGlobalIDString = 77C612351AEEE0B7003E6D79;
			remoteInfo = LandMarker;
		};
/* End PBXContainerItemProxy section */

/* Begin PBXFileReference section */
		7709F4161B667B0600E49309 /* ParseUI.framework */ = {isa = PBXFileReference; lastKnownFileType = wrapper.framework; path = ParseUI.framework; sourceTree = "<group>"; };
		7709F41E1B667D4A00E49309 /* Accounts.framework */ = {isa = PBXFileReference; lastKnownFileType = wrapper.framework; name = Accounts.framework; path = System/Library/Frameworks/Accounts.framework; sourceTree = SDKROOT; };
		7709F4201B667D6100E49309 /* Social.framework */ = {isa = PBXFileReference; lastKnownFileType = wrapper.framework; name = Social.framework; path = System/Library/Frameworks/Social.framework; sourceTree = SDKROOT; };
		77400C841B5FF4F500C11782 /* Parse.framework */ = {isa = PBXFileReference; lastKnownFileType = wrapper.framework; path = Parse.framework; sourceTree = "<group>"; };
		77400C851B5FF4F500C11782 /* Bolts.framework */ = {isa = PBXFileReference; lastKnownFileType = wrapper.framework; path = Bolts.framework; sourceTree = "<group>"; };
		77400C8A1B5FF59D00C11782 /* AudioToolbox.framework */ = {isa = PBXFileReference; lastKnownFileType = wrapper.framework; name = AudioToolbox.framework; path = System/Library/Frameworks/AudioToolbox.framework; sourceTree = SDKROOT; };
		77400C8B1B5FF59D00C11782 /* CFNetwork.framework */ = {isa = PBXFileReference; lastKnownFileType = wrapper.framework; name = CFNetwork.framework; path = System/Library/Frameworks/CFNetwork.framework; sourceTree = SDKROOT; };
		77400C8C1B5FF59D00C11782 /* CoreGraphics.framework */ = {isa = PBXFileReference; lastKnownFileType = wrapper.framework; name = CoreGraphics.framework; path = System/Library/Frameworks/CoreGraphics.framework; sourceTree = SDKROOT; };
		77400C8D1B5FF59D00C11782 /* CoreLocation.framework */ = {isa = PBXFileReference; lastKnownFileType = wrapper.framework; name = CoreLocation.framework; path = System/Library/Frameworks/CoreLocation.framework; sourceTree = SDKROOT; };
		77400C8E1B5FF59D00C11782 /* libsqlite3.dylib */ = {isa = PBXFileReference; lastKnownFileType = "compiled.mach-o.dylib"; name = libsqlite3.dylib; path = usr/lib/libsqlite3.dylib; sourceTree = SDKROOT; };
		77400C8F1B5FF59D00C11782 /* libz.dylib */ = {isa = PBXFileReference; lastKnownFileType = "compiled.mach-o.dylib"; name = libz.dylib; path = usr/lib/libz.dylib; sourceTree = SDKROOT; };
		77400C901B5FF59D00C11782 /* QuartzCore.framework */ = {isa = PBXFileReference; lastKnownFileType = wrapper.framework; name = QuartzCore.framework; path = System/Library/Frameworks/QuartzCore.framework; sourceTree = SDKROOT; };
		77400C911B5FF59D00C11782 /* Security.framework */ = {isa = PBXFileReference; lastKnownFileType = wrapper.framework; name = Security.framework; path = System/Library/Frameworks/Security.framework; sourceTree = SDKROOT; };
		77400C921B5FF59D00C11782 /* StoreKit.framework */ = {isa = PBXFileReference; lastKnownFileType = wrapper.framework; name = StoreKit.framework; path = System/Library/Frameworks/StoreKit.framework; sourceTree = SDKROOT; };
		77400C931B5FF59D00C11782 /* SystemConfiguration.framework */ = {isa = PBXFileReference; lastKnownFileType = wrapper.framework; name = SystemConfiguration.framework; path = System/Library/Frameworks/SystemConfiguration.framework; sourceTree = SDKROOT; };
		77BA0FAF1B473F590074BE74 /* LandMarkModel.xcdatamodel */ = {isa = PBXFileReference; lastKnownFileType = wrapper.xcdatamodel; path = LandMarkModel.xcdatamodel; sourceTree = "<group>"; };
		77BA0FB11B475DF90074BE74 /* LMManagedDocument.h */ = {isa = PBXFileReference; fileEncoding = 4; lastKnownFileType = sourcecode.c.h; path = LMManagedDocument.h; sourceTree = "<group>"; };
		77BA0FB21B475DF90074BE74 /* LMManagedDocument.m */ = {isa = PBXFileReference; fileEncoding = 4; lastKnownFileType = sourcecode.c.objc; path = LMManagedDocument.m; sourceTree = "<group>"; };
		77BA0FB41B4BB40F0074BE74 /* Landmark.h */ = {isa = PBXFileReference; fileEncoding = 4; lastKnownFileType = sourcecode.c.h; name = Landmark.h; path = LandMarker/Landmark.h; sourceTree = "<group>"; };
		77BA0FB51B4BB40F0074BE74 /* Landmark.m */ = {isa = PBXFileReference; fileEncoding = 4; lastKnownFileType = sourcecode.c.objc; name = Landmark.m; path = LandMarker/Landmark.m; sourceTree = "<group>"; };
		77BA0FBC1B4CAC900074BE74 /* LM_TypeSelect_CollectionViewController.h */ = {isa = PBXFileReference; fileEncoding = 4; lastKnownFileType = sourcecode.c.h; name = LM_TypeSelect_CollectionViewController.h; path = "UI Classes/LM_TypeSelect_CollectionViewController.h"; sourceTree = "<group>"; };
		77BA0FBD1B4CAC900074BE74 /* LM_TypeSelect_CollectionViewController.m */ = {isa = PBXFileReference; fileEncoding = 4; lastKnownFileType = sourcecode.c.objc; name = LM_TypeSelect_CollectionViewController.m; path = "UI Classes/LM_TypeSelect_CollectionViewController.m"; sourceTree = "<group>"; };
		77C612361AEEE0B7003E6D79 /* LandMarker.app */ = {isa = PBXFileReference; explicitFileType = wrapper.application; includeInIndex = 0; path = LandMarker.app; sourceTree = BUILT_PRODUCTS_DIR; };
		77C6123A1AEEE0B7003E6D79 /* Info.plist */ = {isa = PBXFileReference; lastKnownFileType = text.plist.xml; path = Info.plist; sourceTree = "<group>"; };
		77C6123B1AEEE0B7003E6D79 /* main.m */ = {isa = PBXFileReference; lastKnownFileType = sourcecode.c.objc; path = main.m; sourceTree = "<group>"; };
		77C6123D1AEEE0B7003E6D79 /* AppDelegate.h */ = {isa = PBXFileReference; lastKnownFileType = sourcecode.c.h; path = AppDelegate.h; sourceTree = "<group>"; };
		77C6123E1AEEE0B7003E6D79 /* AppDelegate.m */ = {isa = PBXFileReference; lastKnownFileType = sourcecode.c.objc; path = AppDelegate.m; sourceTree = "<group>"; };
		77C612411AEEE0B7003E6D79 /* LandMarker.xcdatamodel */ = {isa = PBXFileReference; lastKnownFileType = wrapper.xcdatamodel; path = LandMarker.xcdatamodel; sourceTree = "<group>"; };
		77C612431AEEE0B7003E6D79 /* ViewController.h */ = {isa = PBXFileReference; lastKnownFileType = sourcecode.c.h; path = ViewController.h; sourceTree = "<group>"; };
		77C612441AEEE0B7003E6D79 /* ViewController.m */ = {isa = PBXFileReference; lastKnownFileType = sourcecode.c.objc; path = ViewController.m; sourceTree = "<group>"; };
		77C612471AEEE0B7003E6D79 /* Base */ = {isa = PBXFileReference; lastKnownFileType = file.storyboard; name = Base; path = Base.lproj/Main.storyboard; sourceTree = "<group>"; };
		77C612491AEEE0B7003E6D79 /* Images.xcassets */ = {isa = PBXFileReference; lastKnownFileType = folder.assetcatalog; path = Images.xcassets; sourceTree = "<group>"; };
		77C6124C1AEEE0B7003E6D79 /* Base */ = {isa = PBXFileReference; lastKnownFileType = file.xib; name = Base; path = Base.lproj/LaunchScreen.xib; sourceTree = "<group>"; };
		77C612521AEEE0B7003E6D79 /* LandMarkerTests.xctest */ = {isa = PBXFileReference; explicitFileType = wrapper.cfbundle; includeInIndex = 0; path = LandMarkerTests.xctest; sourceTree = BUILT_PRODUCTS_DIR; };
		77C612571AEEE0B7003E6D79 /* Info.plist */ = {isa = PBXFileReference; lastKnownFileType = text.plist.xml; path = Info.plist; sourceTree = "<group>"; };
		77C612581AEEE0B7003E6D79 /* LandMarkerTests.m */ = {isa = PBXFileReference; lastKnownFileType = sourcecode.c.objc; path = LandMarkerTests.m; sourceTree = "<group>"; };
		77C612621AEEE98B003E6D79 /* LandmarksTableViewController.h */ = {isa = PBXFileReference; fileEncoding = 4; lastKnownFileType = sourcecode.c.h; name = LandmarksTableViewController.h; path = "UI Classes/LandmarksTableViewController.h"; sourceTree = "<group>"; };
		77C612631AEEE98B003E6D79 /* LandmarksTableViewController.m */ = {isa = PBXFileReference; fileEncoding = 4; lastKnownFileType = sourcecode.c.objc; name = LandmarksTableViewController.m; path = "UI Classes/LandmarksTableViewController.m"; sourceTree = "<group>"; };
		77C612661AEFAD1F003E6D79 /* LandmarkViewController.h */ = {isa = PBXFileReference; fileEncoding = 4; lastKnownFileType = sourcecode.c.h; name = LandmarkViewController.h; path = "UI Classes/LandmarkViewController.h"; sourceTree = "<group>"; };
		77C612671AEFAD1F003E6D79 /* LandmarkViewController.m */ = {isa = PBXFileReference; fileEncoding = 4; lastKnownFileType = sourcecode.c.objc; name = LandmarkViewController.m; path = "UI Classes/LandmarkViewController.m"; sourceTree = "<group>"; };
/* End PBXFileReference section */

/* Begin PBXFrameworksBuildPhase section */
		77C612331AEEE0B7003E6D79 /* Frameworks */ = {
			isa = PBXFrameworksBuildPhase;
			buildActionMask = 2147483647;
			files = (
				7709F4211B667D6100E49309 /* Social.framework in Frameworks */,
				7709F41F1B667D4A00E49309 /* Accounts.framework in Frameworks */,
				77400C941B5FF59D00C11782 /* AudioToolbox.framework in Frameworks */,
				77400C951B5FF59D00C11782 /* CFNetwork.framework in Frameworks */,
				77400C961B5FF59D00C11782 /* CoreGraphics.framework in Frameworks */,
				77400C971B5FF59D00C11782 /* CoreLocation.framework in Frameworks */,
				77400C981B5FF59D00C11782 /* libsqlite3.dylib in Frameworks */,
				77400C991B5FF59D00C11782 /* libz.dylib in Frameworks */,
				77400C9A1B5FF59D00C11782 /* QuartzCore.framework in Frameworks */,
				77400C9B1B5FF59D00C11782 /* Security.framework in Frameworks */,
				77400C9C1B5FF59D00C11782 /* StoreKit.framework in Frameworks */,
				77400C9D1B5FF59D00C11782 /* SystemConfiguration.framework in Frameworks */,
				77400C861B5FF4F500C11782 /* Parse.framework in Frameworks */,
				77400C881B5FF4F500C11782 /* Bolts.framework in Frameworks */,
				7709F4171B667B0700E49309 /* ParseUI.framework in Frameworks */,
			);
			runOnlyForDeploymentPostprocessing = 0;
		};
		77C6124F1AEEE0B7003E6D79 /* Frameworks */ = {
			isa = PBXFrameworksBuildPhase;
			buildActionMask = 2147483647;
			files = (
				77400C871B5FF4F500C11782 /* Parse.framework in Frameworks */,
				77400C891B5FF4F500C11782 /* Bolts.framework in Frameworks */,
			);
			runOnlyForDeploymentPostprocessing = 0;
		};
/* End PBXFrameworksBuildPhase section */

/* Begin PBXGroup section */
		77400C9E1B5FF5AA00C11782 /* Frameworks */ = {
			isa = PBXGroup;
			children = (
				7709F4201B667D6100E49309 /* Social.framework */,
				7709F41E1B667D4A00E49309 /* Accounts.framework */,
				7709F4161B667B0600E49309 /* ParseUI.framework */,
				77400C8A1B5FF59D00C11782 /* AudioToolbox.framework */,
				77400C8B1B5FF59D00C11782 /* CFNetwork.framework */,
				77400C8C1B5FF59D00C11782 /* CoreGraphics.framework */,
				77400C8D1B5FF59D00C11782 /* CoreLocation.framework */,
				77400C8E1B5FF59D00C11782 /* libsqlite3.dylib */,
				77400C8F1B5FF59D00C11782 /* libz.dylib */,
				77400C901B5FF59D00C11782 /* QuartzCore.framework */,
				77400C911B5FF59D00C11782 /* Security.framework */,
				77400C921B5FF59D00C11782 /* StoreKit.framework */,
				77400C931B5FF59D00C11782 /* SystemConfiguration.framework */,
				77400C841B5FF4F500C11782 /* Parse.framework */,
				77400C851B5FF4F500C11782 /* Bolts.framework */,
			);
			name = Frameworks;
			sourceTree = "<group>";
		};
		77BA0FB71B4C80DE0074BE74 /* UI Classes */ = {
			isa = PBXGroup;
			children = (
				77C612431AEEE0B7003E6D79 /* ViewController.h */,
				77C612441AEEE0B7003E6D79 /* ViewController.m */,
				77C612621AEEE98B003E6D79 /* LandmarksTableViewController.h */,
				77C612631AEEE98B003E6D79 /* LandmarksTableViewController.m */,
				77C612661AEFAD1F003E6D79 /* LandmarkViewController.h */,
				77C612671AEFAD1F003E6D79 /* LandmarkViewController.m */,
				77BA0FBC1B4CAC900074BE74 /* LM_TypeSelect_CollectionViewController.h */,
				77BA0FBD1B4CAC900074BE74 /* LM_TypeSelect_CollectionViewController.m */,
			);
			name = "UI Classes";
			sourceTree = "<group>";
		};
		77C6122D1AEEE0B7003E6D79 = {
			isa = PBXGroup;
			children = (
				77400C9E1B5FF5AA00C11782 /* Frameworks */,
				77BA0FB41B4BB40F0074BE74 /* Landmark.h */,
				77BA0FB51B4BB40F0074BE74 /* Landmark.m */,
				77C612381AEEE0B7003E6D79 /* LandMarker */,
				77C612551AEEE0B7003E6D79 /* LandMarkerTests */,
				77C612371AEEE0B7003E6D79 /* Products */,
			);
			sourceTree = "<group>";
		};
		77C612371AEEE0B7003E6D79 /* Products */ = {
			isa = PBXGroup;
			children = (
				77C612361AEEE0B7003E6D79 /* LandMarker.app */,
				77C612521AEEE0B7003E6D79 /* LandMarkerTests.xctest */,
			);
			name = Products;
			sourceTree = "<group>";
		};
		77C612381AEEE0B7003E6D79 /* LandMarker */ = {
			isa = PBXGroup;
			children = (
				77C6123D1AEEE0B7003E6D79 /* AppDelegate.h */,
				77C6123E1AEEE0B7003E6D79 /* AppDelegate.m */,
				77C612461AEEE0B7003E6D79 /* Main.storyboard */,
				77BA0FAE1B473F590074BE74 /* LandMarkModel.xcdatamodeld */,
				77BA0FB11B475DF90074BE74 /* LMManagedDocument.h */,
				77BA0FB21B475DF90074BE74 /* LMManagedDocument.m */,
				77BA0FB71B4C80DE0074BE74 /* UI Classes */,
				77C612491AEEE0B7003E6D79 /* Images.xcassets */,
				77C6124B1AEEE0B7003E6D79 /* LaunchScreen.xib */,
				77C612401AEEE0B7003E6D79 /* LandMarker.xcdatamodeld */,
				77C612391AEEE0B7003E6D79 /* Supporting Files */,
			);
			path = LandMarker;
			sourceTree = "<group>";
		};
		77C612391AEEE0B7003E6D79 /* Supporting Files */ = {
			isa = PBXGroup;
			children = (
				77C6123A1AEEE0B7003E6D79 /* Info.plist */,
				77C6123B1AEEE0B7003E6D79 /* main.m */,
			);
			name = "Supporting Files";
			sourceTree = "<group>";
		};
		77C612551AEEE0B7003E6D79 /* LandMarkerTests */ = {
			isa = PBXGroup;
			children = (
				77C612581AEEE0B7003E6D79 /* LandMarkerTests.m */,
				77C612561AEEE0B7003E6D79 /* Supporting Files */,
			);
			path = LandMarkerTests;
			sourceTree = "<group>";
		};
		77C612561AEEE0B7003E6D79 /* Supporting Files */ = {
			isa = PBXGroup;
			children = (
				77C612571AEEE0B7003E6D79 /* Info.plist */,
			);
			name = "Supporting Files";
			sourceTree = "<group>";
		};
/* End PBXGroup section */

/* Begin PBXNativeTarget section */
		77C612351AEEE0B7003E6D79 /* LandMarker */ = {
			isa = PBXNativeTarget;
			buildConfigurationList = 77C6125C1AEEE0B7003E6D79 /* Build configuration list for PBXNativeTarget "LandMarker" */;
			buildPhases = (
				77C612321AEEE0B7003E6D79 /* Sources */,
				77C612331AEEE0B7003E6D79 /* Frameworks */,
				77C612341AEEE0B7003E6D79 /* Resources */,
			);
			buildRules = (
			);
			dependencies = (
			);
			name = LandMarker;
			productName = LandMarker;
			productReference = 77C612361AEEE0B7003E6D79 /* LandMarker.app */;
			productType = "com.apple.product-type.application";
		};
		77C612511AEEE0B7003E6D79 /* LandMarkerTests */ = {
			isa = PBXNativeTarget;
			buildConfigurationList = 77C6125F1AEEE0B7003E6D79 /* Build configuration list for PBXNativeTarget "LandMarkerTests" */;
			buildPhases = (
				77C6124E1AEEE0B7003E6D79 /* Sources */,
				77C6124F1AEEE0B7003E6D79 /* Frameworks */,
				77C612501AEEE0B7003E6D79 /* Resources */,
			);
			buildRules = (
			);
			dependencies = (
				77C612541AEEE0B7003E6D79 /* PBXTargetDependency */,
			);
			name = LandMarkerTests;
			productName = LandMarkerTests;
			productReference = 77C612521AEEE0B7003E6D79 /* LandMarkerTests.xctest */;
			productType = "com.apple.product-type.bundle.unit-test";
		};
/* End PBXNativeTarget section */

/* Begin PBXProject section */
		77C6122E1AEEE0B7003E6D79 /* Project object */ = {
			isa = PBXProject;
			attributes = {
				LastUpgradeCheck = 0630;
				ORGANIZATIONNAME = "Fry An Egg Technology";
				TargetAttributes = {
					77C612351AEEE0B7003E6D79 = {
						CreatedOnToolsVersion = 6.3.1;
					};
					77C612511AEEE0B7003E6D79 = {
						CreatedOnToolsVersion = 6.3.1;
						TestTargetID = 77C612351AEEE0B7003E6D79;
					};
				};
			};
			buildConfigurationList = 77C612311AEEE0B7003E6D79 /* Build configuration list for PBXProject "LandMarker" */;
			compatibilityVersion = "Xcode 3.2";
			developmentRegion = English;
			hasScannedForEncodings = 0;
			knownRegions = (
				en,
				Base,
			);
			mainGroup = 77C6122D1AEEE0B7003E6D79;
			productRefGroup = 77C612371AEEE0B7003E6D79 /* Products */;
			projectDirPath = "";
			projectRoot = "";
			targets = (
				77C612351AEEE0B7003E6D79 /* LandMarker */,
				77C612511AEEE0B7003E6D79 /* LandMarkerTests */,
			);
		};
/* End PBXProject section */

/* Begin PBXResourcesBuildPhase section */
		77C612341AEEE0B7003E6D79 /* Resources */ = {
			isa = PBXResourcesBuildPhase;
			buildActionMask = 2147483647;
			files = (
				77C612481AEEE0B7003E6D79 /* Main.storyboard in Resources */,
				77C6124D1AEEE0B7003E6D79 /* LaunchScreen.xib in Resources */,
				77C6124A1AEEE0B7003E6D79 /* Images.xcassets in Resources */,
			);
			runOnlyForDeploymentPostprocessing = 0;
		};
		77C612501AEEE0B7003E6D79 /* Resources */ = {
			isa = PBXResourcesBuildPhase;
			buildActionMask = 2147483647;
			files = (
			);
			runOnlyForDeploymentPostprocessing = 0;
		};
/* End PBXResourcesBuildPhase section */

/* Begin PBXSourcesBuildPhase section */
		77C612321AEEE0B7003E6D79 /* Sources */ = {
			isa = PBXSourcesBuildPhase;
			buildActionMask = 2147483647;
			files = (
				77BA0FB01B473F590074BE74 /* LandMarkModel.xcdatamodeld in Sources */,
				77C612641AEEE98B003E6D79 /* LandmarksTableViewController.m in Sources */,
				77C6123F1AEEE0B7003E6D79 /* AppDelegate.m in Sources */,
				77BA0FBE1B4CAC900074BE74 /* LM_TypeSelect_CollectionViewController.m in Sources */,
				77BA0FB61B4BB40F0074BE74 /* Landmark.m in Sources */,
				77BA0FB31B475DF90074BE74 /* LMManagedDocument.m in Sources */,
				77C612421AEEE0B7003E6D79 /* LandMarker.xcdatamodeld in Sources */,
				77C612451AEEE0B7003E6D79 /* ViewController.m in Sources */,
				77C612681AEFAD1F003E6D79 /* LandmarkViewController.m in Sources */,
				77C6123C1AEEE0B7003E6D79 /* main.m in Sources */,
			);
			runOnlyForDeploymentPostprocessing = 0;
		};
		77C6124E1AEEE0B7003E6D79 /* Sources */ = {
			isa = PBXSourcesBuildPhase;
			buildActionMask = 2147483647;
			files = (
				77C612591AEEE0B7003E6D79 /* LandMarkerTests.m in Sources */,
				77C612691AEFAD1F003E6D79 /* LandmarkViewController.m in Sources */,
				77C612651AEEE98B003E6D79 /* LandmarksTableViewController.m in Sources */,
				77BA0FBF1B4CAC900074BE74 /* LM_TypeSelect_CollectionViewController.m in Sources */,
			);
			runOnlyForDeploymentPostprocessing = 0;
		};
/* End PBXSourcesBuildPhase section */

/* Begin PBXTargetDependency section */
		77C612541AEEE0B7003E6D79 /* PBXTargetDependency */ = {
			isa = PBXTargetDependency;
			target = 77C612351AEEE0B7003E6D79 /* LandMarker */;
			targetProxy = 77C612531AEEE0B7003E6D79 /* PBXContainerItemProxy */;
		};
/* End PBXTargetDependency section */

/* Begin PBXVariantGroup section */
		77C612461AEEE0B7003E6D79 /* Main.storyboard */ = {
			isa = PBXVariantGroup;
			children = (
				77C612471AEEE0B7003E6D79 /* Base */,
			);
			name = Main.storyboard;
			sourceTree = "<group>";
		};
		77C6124B1AEEE0B7003E6D79 /* LaunchScreen.xib */ = {
			isa = PBXVariantGroup;
			children = (
				77C6124C1AEEE0B7003E6D79 /* Base */,
			);
			name = LaunchScreen.xib;
			sourceTree = "<group>";
		};
/* End PBXVariantGroup section */

/* Begin XCBuildConfiguration section */
		77C6125A1AEEE0B7003E6D79 /* Debug */ = {
			isa = XCBuildConfiguration;
			buildSettings = {
				ALWAYS_SEARCH_USER_PATHS = NO;
				CLANG_CXX_LANGUAGE_STANDARD = "gnu++0x";
				CLANG_CXX_LIBRARY = "libc++";
				CLANG_ENABLE_MODULES = YES;
				CLANG_ENABLE_OBJC_ARC = YES;
				CLANG_WARN_BOOL_CONVERSION = YES;
				CLANG_WARN_CONSTANT_CONVERSION = YES;
				CLANG_WARN_DIRECT_OBJC_ISA_USAGE = YES_ERROR;
				CLANG_WARN_EMPTY_BODY = YES;
				CLANG_WARN_ENUM_CONVERSION = YES;
				CLANG_WARN_INT_CONVERSION = YES;
				CLANG_WARN_OBJC_ROOT_CLASS = YES_ERROR;
				CLANG_WARN_UNREACHABLE_CODE = YES;
				CLANG_WARN__DUPLICATE_METHOD_MATCH = YES;
				"CODE_SIGN_IDENTITY[sdk=iphoneos*]" = "iPhone Developer";
				COPY_PHASE_STRIP = NO;
				DEBUG_INFORMATION_FORMAT = "dwarf-with-dsym";
				ENABLE_STRICT_OBJC_MSGSEND = YES;
				GCC_C_LANGUAGE_STANDARD = gnu99;
				GCC_DYNAMIC_NO_PIC = NO;
				GCC_NO_COMMON_BLOCKS = YES;
				GCC_OPTIMIZATION_LEVEL = 0;
				GCC_PREPROCESSOR_DEFINITIONS = (
					"DEBUG=1",
					"$(inherited)",
				);
				GCC_SYMBOLS_PRIVATE_EXTERN = NO;
				GCC_WARN_64_TO_32_BIT_CONVERSION = YES;
				GCC_WARN_ABOUT_RETURN_TYPE = YES_ERROR;
				GCC_WARN_UNDECLARED_SELECTOR = YES;
				GCC_WARN_UNINITIALIZED_AUTOS = YES_AGGRESSIVE;
				GCC_WARN_UNUSED_FUNCTION = YES;
				GCC_WARN_UNUSED_VARIABLE = YES;
				IPHONEOS_DEPLOYMENT_TARGET = 8.3;
				MTL_ENABLE_DEBUG_INFO = YES;
				ONLY_ACTIVE_ARCH = YES;
				SDKROOT = iphoneos;
				TARGETED_DEVICE_FAMILY = "1,2";
			};
			name = Debug;
		};
		77C6125B1AEEE0B7003E6D79 /* Release */ = {
			isa = XCBuildConfiguration;
			buildSettings = {
				ALWAYS_SEARCH_USER_PATHS = NO;
				CLANG_CXX_LANGUAGE_STANDARD = "gnu++0x";
				CLANG_CXX_LIBRARY = "libc++";
				CLANG_ENABLE_MODULES = YES;
				CLANG_ENABLE_OBJC_ARC = YES;
				CLANG_WARN_BOOL_CONVERSION = YES;
				CLANG_WARN_CONSTANT_CONVERSION = YES;
				CLANG_WARN_DIRECT_OBJC_ISA_USAGE = YES_ERROR;
				CLANG_WARN_EMPTY_BODY = YES;
				CLANG_WARN_ENUM_CONVERSION = YES;
				CLANG_WARN_INT_CONVERSION = YES;
				CLANG_WARN_OBJC_ROOT_CLASS = YES_ERROR;
				CLANG_WARN_UNREACHABLE_CODE = YES;
				CLANG_WARN__DUPLICATE_METHOD_MATCH = YES;
				"CODE_SIGN_IDENTITY[sdk=iphoneos*]" = "iPhone Developer";
				COPY_PHASE_STRIP = NO;
				DEBUG_INFORMATION_FORMAT = "dwarf-with-dsym";
				ENABLE_NS_ASSERTIONS = NO;
				ENABLE_STRICT_OBJC_MSGSEND = YES;
				GCC_C_LANGUAGE_STANDARD = gnu99;
				GCC_NO_COMMON_BLOCKS = YES;
				GCC_WARN_64_TO_32_BIT_CONVERSION = YES;
				GCC_WARN_ABOUT_RETURN_TYPE = YES_ERROR;
				GCC_WARN_UNDECLARED_SELECTOR = YES;
				GCC_WARN_UNINITIALIZED_AUTOS = YES_AGGRESSIVE;
				GCC_WARN_UNUSED_FUNCTION = YES;
				GCC_WARN_UNUSED_VARIABLE = YES;
				IPHONEOS_DEPLOYMENT_TARGET = 8.3;
				MTL_ENABLE_DEBUG_INFO = NO;
				SDKROOT = iphoneos;
				TARGETED_DEVICE_FAMILY = "1,2";
				VALIDATE_PRODUCT = YES;
			};
			name = Release;
		};
		77C6125D1AEEE0B7003E6D79 /* Debug */ = {
			isa = XCBuildConfiguration;
			buildSettings = {
				ASSETCATALOG_COMPILER_APPICON_NAME = AppIcon;
				FRAMEWORK_SEARCH_PATHS = (
					"$(inherited)",
					"$(PROJECT_DIR)",
				);
				INFOPLIST_FILE = LandMarker/Info.plist;
				LD_RUNPATH_SEARCH_PATHS = "$(inherited) @executable_path/Frameworks";
				PRODUCT_NAME = "$(TARGET_NAME)";
			};
			name = Debug;
		};
		77C6125E1AEEE0B7003E6D79 /* Release */ = {
			isa = XCBuildConfiguration;
			buildSettings = {
				ASSETCATALOG_COMPILER_APPICON_NAME = AppIcon;
				FRAMEWORK_SEARCH_PATHS = (
					"$(inherited)",
					"$(PROJECT_DIR)",
				);
				INFOPLIST_FILE = LandMarker/Info.plist;
				LD_RUNPATH_SEARCH_PATHS = "$(inherited) @executable_path/Frameworks";
				PRODUCT_NAME = "$(TARGET_NAME)";
			};
			name = Release;
		};
		77C612601AEEE0B7003E6D79 /* Debug */ = {
			isa = XCBuildConfiguration;
			buildSettings = {
				BUNDLE_LOADER = "$(TEST_HOST)";
				FRAMEWORK_SEARCH_PATHS = (
					"$(SDKROOT)/Developer/Library/Frameworks",
					"$(inherited)",
					"$(PROJECT_DIR)",
				);
				GCC_PREPROCESSOR_DEFINITIONS = (
					"DEBUG=1",
					"$(inherited)",
				);
				INFOPLIST_FILE = LandMarkerTests/Info.plist;
				LD_RUNPATH_SEARCH_PATHS = "$(inherited) @executable_path/Frameworks @loader_path/Frameworks";
				PRODUCT_NAME = "$(TARGET_NAME)";
				TEST_HOST = "$(BUILT_PRODUCTS_DIR)/LandMarker.app/LandMarker";
			};
			name = Debug;
		};
		77C612611AEEE0B7003E6D79 /* Release */ = {
			isa = XCBuildConfiguration;
			buildSettings = {
				BUNDLE_LOADER = "$(TEST_HOST)";
				FRAMEWORK_SEARCH_PATHS = (
					"$(SDKROOT)/Developer/Library/Frameworks",
					"$(inherited)",
					"$(PROJECT_DIR)",
				);
				INFOPLIST_FILE = LandMarkerTests/Info.plist;
				LD_RUNPATH_SEARCH_PATHS = "$(inherited) @executable_path/Frameworks @loader_path/Frameworks";
				PRODUCT_NAME = "$(TARGET_NAME)";
				TEST_HOST = "$(BUILT_PRODUCTS_DIR)/LandMarker.app/LandMarker";
			};
			name = Release;
		};
/* End XCBuildConfiguration section */

/* Begin XCConfigurationList section */
		77C612311AEEE0B7003E6D79 /* Build configuration list for PBXProject "LandMarker" */ = {
			isa = XCConfigurationList;
			buildConfigurations = (
				77C6125A1AEEE0B7003E6D79 /* Debug */,
				77C6125B1AEEE0B7003E6D79 /* Release */,
			);
			defaultConfigurationIsVisible = 0;
			defaultConfigurationName = Release;
		};
		77C6125C1AEEE0B7003E6D79 /* Build configuration list for PBXNativeTarget "LandMarker" */ = {
			isa = XCConfigurationList;
			buildConfigurations = (
				77C6125D1AEEE0B7003E6D79 /* Debug */,
				77C6125E1AEEE0B7003E6D79 /* Release */,
			);
			defaultConfigurationIsVisible = 0;
			defaultConfigurationName = Release;
		};
		77C6125F1AEEE0B7003E6D79 /* Build configuration list for PBXNativeTarget "LandMarkerTests" */ = {
			isa = XCConfigurationList;
			buildConfigurations = (
				77C612601AEEE0B7003E6D79 /* Debug */,
				77C612611AEEE0B7003E6D79 /* Release */,
			);
			defaultConfigurationIsVisible = 0;
			defaultConfigurationName = Release;
		};
/* End XCConfigurationList section */

/* Begin XCVersionGroup section */
		77BA0FAE1B473F590074BE74 /* LandMarkModel.xcdatamodeld */ = {
			isa = XCVersionGroup;
			children = (
				77BA0FAF1B473F590074BE74 /* LandMarkModel.xcdatamodel */,
			);
			currentVersion = 77BA0FAF1B473F590074BE74 /* LandMarkModel.xcdatamodel */;
			path = LandMarkModel.xcdatamodeld;
			sourceTree = "<group>";
			versionGroupType = wrapper.xcdatamodel;
		};
		77C612401AEEE0B7003E6D79 /* LandMarker.xcdatamodeld */ = {
			isa = XCVersionGroup;
			children = (
				77C612411AEEE0B7003E6D79 /* LandMarker.xcdatamodel */,
			);
			currentVersion = 77C612411AEEE0B7003E6D79 /* LandMarker.xcdatamodel */;
			path = LandMarker.xcdatamodeld;
			sourceTree = "<group>";
			versionGroupType = wrapper.xcdatamodel;
		};
/* End XCVersionGroup section */
	};
	rootObject = 77C6122E1AEEE0B7003E6D79 /* Project object */;
}
